
Microsoft Visual Studio Solution File, Format Version 12.00
# Visual Studio Version 17
VisualStudioVersion = 17.1.32407.343
MinimumVisualStudioVersion = 10.0.40219.1
Project("{FAE04EC0-301F-11D3-BF4B-00C04F79EFBC}") = "ExercicioModulo2-POO1", "ExercicioModulo2-POO1\ExercicioModulo2-POO1.csproj", "{488DE347-3567-4270-821E-F6C19565F86E}"
EndProject
Global
	GlobalSection(SolutionConfigurationPlatforms) = preSolution
		Debug|Any CPU = Debug|Any CPU
		Release|Any CPU = Release|Any CPU
	EndGlobalSection
	GlobalSection(ProjectConfigurationPlatforms) = postSolution
		{488DE347-3567-4270-821E-F6C19565F86E}.Debug|Any CPU.ActiveCfg = Debug|Any CPU
		{488DE347-3567-4270-821E-F6C19565F86E}.Debug|Any CPU.Build.0 = Debug|Any CPU
		{488DE347-3567-4270-821E-F6C19565F86E}.Release|Any CPU.ActiveCfg = Release|Any CPU
		{488DE347-3567-4270-821E-F6C19565F86E}.Release|Any CPU.Build.0 = Release|Any CPU
	EndGlobalSection
	GlobalSection(SolutionProperties) = preSolution
		HideSolutionNode = FALSE
	EndGlobalSection
	GlobalSection(ExtensibilityGlobals) = postSolution
		SolutionGuid = {60A27CE7-DBFF-4BB6-9457-1F1211059A05}
	EndGlobalSection
EndGlobal
